
Microsoft Visual Studio Solution File, Format Version 12.00
# Visual Studio Version 17
VisualStudioVersion = 17.0.32112.339
MinimumVisualStudioVersion = 10.0.40219.1
Project("{9A19103F-16F7-4668-BE54-9A1E7A4F7556}") = "SOLID.DesignPatterns", "SOLID.DesignPatterns\SOLID.DesignPatterns.csproj", "{B48473B7-B759-4DA3-BA72-9EE01CEFD320}"
EndProject
Project("{FAE04EC0-301F-11D3-BF4B-00C04F79EFBC}") = "SOLID.DesignPatterns.Tests", "SOLID.DesignPatterns.Tests\SOLID.DesignPatterns.Tests.csproj", "{16858F3D-A832-4E3D-86F8-7AD86D597A0E}"
EndProject
Global
	GlobalSection(SolutionConfigurationPlatforms) = preSolution
		Debug|Any CPU = Debug|Any CPU
		Release|Any CPU = Release|Any CPU
	EndGlobalSection
	GlobalSection(ProjectConfigurationPlatforms) = postSolution
		{B48473B7-B759-4DA3-BA72-9EE01CEFD320}.Debug|Any CPU.ActiveCfg = Debug|Any CPU
		{B48473B7-B759-4DA3-BA72-9EE01CEFD320}.Debug|Any CPU.Build.0 = Debug|Any CPU
		{B48473B7-B759-4DA3-BA72-9EE01CEFD320}.Release|Any CPU.ActiveCfg = Release|Any CPU
		{B48473B7-B759-4DA3-BA72-9EE01CEFD320}.Release|Any CPU.Build.0 = Release|Any CPU
		{16858F3D-A832-4E3D-86F8-7AD86D597A0E}.Debug|Any CPU.ActiveCfg = Debug|Any CPU
		{16858F3D-A832-4E3D-86F8-7AD86D597A0E}.Debug|Any CPU.Build.0 = Debug|Any CPU
		{16858F3D-A832-4E3D-86F8-7AD86D597A0E}.Release|Any CPU.ActiveCfg = Release|Any CPU
		{16858F3D-A832-4E3D-86F8-7AD86D597A0E}.Release|Any CPU.Build.0 = Release|Any CPU
	EndGlobalSection
	GlobalSection(SolutionProperties) = preSolution
		HideSolutionNode = FALSE
	EndGlobalSection
	GlobalSection(ExtensibilityGlobals) = postSolution
		SolutionGuid = {8D4A1FA3-2D96-497D-8B41-05AE4DA19AC5}
	EndGlobalSection
EndGlobal
